
Microsoft Visual Studio Solution File, Format Version 12.00
# Visual Studio Version 17
VisualStudioVersion = 17.14.36623.8 d17.14
MinimumVisualStudioVersion = 10.0.40219.1
Project("{FAE04EC0-301F-11D3-BF4B-00C04F79EFBC}") = "BasicRumiToGregorianConverter", "BasicRumiToGregorianConverter\BasicRumiToGregorianConverter.csproj", "{27B22DA7-44F5-4051-8323-BE7777F7C303}"
EndProject
Project("{FAE04EC0-301F-11D3-BF4B-00C04F79EFBC}") = "BasicRumiToGregorianConverterTest", "BasicRumiToGregorianConverterTest\BasicRumiToGregorianConverterTest.csproj", "{105EFF5C-B453-4D61-84B2-C4BAF8592E79}"
	ProjectSection(ProjectDependencies) = postProject
		{27B22DA7-44F5-4051-8323-BE7777F7C303} = {27B22DA7-44F5-4051-8323-BE7777F7C303}
	EndProjectSection
EndProject
Global
	GlobalSection(SolutionConfigurationPlatforms) = preSolution
		Debug|Any CPU = Debug|Any CPU
		Release|Any CPU = Release|Any CPU
	EndGlobalSection
	GlobalSection(ProjectConfigurationPlatforms) = postSolution
		{27B22DA7-44F5-4051-8323-BE7777F7C303}.Debug|Any CPU.ActiveCfg = Debug|Any CPU
		{27B22DA7-44F5-4051-8323-BE7777F7C303}.Debug|Any CPU.Build.0 = Debug|Any CPU
		{27B22DA7-44F5-4051-8323-BE7777F7C303}.Release|Any CPU.ActiveCfg = Release|Any CPU
		{27B22DA7-44F5-4051-8323-BE7777F7C303}.Release|Any CPU.Build.0 = Release|Any CPU
		{105EFF5C-B453-4D61-84B2-C4BAF8592E79}.Debug|Any CPU.ActiveCfg = Debug|Any CPU
		{105EFF5C-B453-4D61-84B2-C4BAF8592E79}.Debug|Any CPU.Build.0 = Debug|Any CPU
		{105EFF5C-B453-4D61-84B2-C4BAF8592E79}.Release|Any CPU.ActiveCfg = Release|Any CPU
		{105EFF5C-B453-4D61-84B2-C4BAF8592E79}.Release|Any CPU.Build.0 = Release|Any CPU
	EndGlobalSection
	GlobalSection(SolutionProperties) = preSolution
		HideSolutionNode = FALSE
	EndGlobalSection
	GlobalSection(ExtensibilityGlobals) = postSolution
		SolutionGuid = {C98B865C-D192-4ED4-AB67-D6D40049F7CA}
	EndGlobalSection
EndGlobal
